// !$*UTF8*$!
{
	archiveVersion = 1;
	classes = {
	};
	objectVersion = 55;
	objects = {

/* Begin PBXBuildFile section */
		73B617BA272ED93D00923115 /* WindowManagerApp.swift in Sources */ = {isa = PBXBuildFile; fileRef = 73B617B9272ED93D00923115 /* WindowManagerApp.swift */; };
		73B617BC272ED93D00923115 /* ContentView.swift in Sources */ = {isa = PBXBuildFile; fileRef = 73B617BB272ED93D00923115 /* ContentView.swift */; };
		73B617BE272ED93E00923115 /* Assets.xcassets in Resources */ = {isa = PBXBuildFile; fileRef = 73B617BD272ED93E00923115 /* Assets.xcassets */; };
		73B617C1272ED93E00923115 /* Preview Assets.xcassets in Resources */ = {isa = PBXBuildFile; fileRef = 73B617C0272ED93E00923115 /* Preview Assets.xcassets */; };
		73B617CC272ED93E00923115 /* WindowManagerTests.swift in Sources */ = {isa = PBXBuildFile; fileRef = 73B617CB272ED93E00923115 /* WindowManagerTests.swift */; };
		73B617D6272ED93E00923115 /* WindowManagerUITests.swift in Sources */ = {isa = PBXBuildFile; fileRef = 73B617D5272ED93E00923115 /* WindowManagerUITests.swift */; };
		73B617D8272ED93E00923115 /* WindowManagerUITestsLaunchTests.swift in Sources */ = {isa = PBXBuildFile; fileRef = 73B617D7272ED93E00923115 /* WindowManagerUITestsLaunchTests.swift */; };
		73B617E5272ED99E00923115 /* BarView.swift in Sources */ = {isa = PBXBuildFile; fileRef = 73B617E4272ED99E00923115 /* BarView.swift */; };
/* End PBXBuildFile section */

/* Begin PBXContainerItemProxy section */
		73B617C8272ED93E00923115 /* PBXContainerItemProxy */ = {
			isa = PBXContainerItemProxy;
			containerPortal = 73B617AE272ED93D00923115 /* Project object */;
			proxyType = 1;
			remoteGlobalIDString = 73B617B5272ED93D00923115;
			remoteInfo = WindowManager;
		};
		73B617D2272ED93E00923115 /* PBXContainerItemProxy */ = {
			isa = PBXContainerItemProxy;
			containerPortal = 73B617AE272ED93D00923115 /* Project object */;
			proxyType = 1;
			remoteGlobalIDString = 73B617B5272ED93D00923115;
			remoteInfo = WindowManager;
		};
/* End PBXContainerItemProxy section */

/* Begin PBXFileReference section */
		73B617B6272ED93D00923115 /* WindowManager.app */ = {isa = PBXFileReference; explicitFileType = wrapper.application; includeInIndex = 0; path = WindowManager.app; sourceTree = BUILT_PRODUCTS_DIR; };
		73B617B9272ED93D00923115 /* WindowManagerApp.swift */ = {isa = PBXFileReference; lastKnownFileType = sourcecode.swift; path = WindowManagerApp.swift; sourceTree = "<group>"; };
		73B617BB272ED93D00923115 /* ContentView.swift */ = {isa = PBXFileReference; lastKnownFileType = sourcecode.swift; path = ContentView.swift; sourceTree = "<group>"; };
		73B617BD272ED93E00923115 /* Assets.xcassets */ = {isa = PBXFileReference; lastKnownFileType = folder.assetcatalog; path = Assets.xcassets; sourceTree = "<group>"; };
		73B617C0272ED93E00923115 /* Preview Assets.xcassets */ = {isa = PBXFileReference; lastKnownFileType = folder.assetcatalog; path = "Preview Assets.xcassets"; sourceTree = "<group>"; };
		73B617C2272ED93E00923115 /* WindowManager.entitlements */ = {isa = PBXFileReference; lastKnownFileType = text.plist.entitlements; path = WindowManager.entitlements; sourceTree = "<group>"; };
		73B617C7272ED93E00923115 /* WindowManagerTests.xctest */ = {isa = PBXFileReference; explicitFileType = wrapper.cfbundle; includeInIndex = 0; path = WindowManagerTests.xctest; sourceTree = BUILT_PRODUCTS_DIR; };
		73B617CB272ED93E00923115 /* WindowManagerTests.swift */ = {isa = PBXFileReference; lastKnownFileType = sourcecode.swift; path = WindowManagerTests.swift; sourceTree = "<group>"; };
		73B617D1272ED93E00923115 /* WindowManagerUITests.xctest */ = {isa = PBXFileReference; explicitFileType = wrapper.cfbundle; includeInIndex = 0; path = WindowManagerUITests.xctest; sourceTree = BUILT_PRODUCTS_DIR; };
		73B617D5272ED93E00923115 /* WindowManagerUITests.swift */ = {isa = PBXFileReference; lastKnownFileType = sourcecode.swift; path = WindowManagerUITests.swift; sourceTree = "<group>"; };
		73B617D7272ED93E00923115 /* WindowManagerUITestsLaunchTests.swift */ = {isa = PBXFileReference; lastKnownFileType = sourcecode.swift; path = WindowManagerUITestsLaunchTests.swift; sourceTree = "<group>"; };
		73B617E4272ED99E00923115 /* BarView.swift */ = {isa = PBXFileReference; lastKnownFileType = sourcecode.swift; path = BarView.swift; sourceTree = "<group>"; };
/* End PBXFileReference section */

/* Begin PBXFrameworksBuildPhase section */
		73B617B3272ED93D00923115 /* Frameworks */ = {
			isa = PBXFrameworksBuildPhase;
			buildActionMask = 2147483647;
			files = (
			);
			runOnlyForDeploymentPostprocessing = 0;
		};
		73B617C4272ED93E00923115 /* Frameworks */ = {
			isa = PBXFrameworksBuildPhase;
			buildActionMask = 2147483647;
			files = (
			);
			runOnlyForDeploymentPostprocessing = 0;
		};
		73B617CE272ED93E00923115 /* Frameworks */ = {
			isa = PBXFrameworksBuildPhase;
			buildActionMask = 2147483647;
			files = (
			);
			runOnlyForDeploymentPostprocessing = 0;
		};
/* End PBXFrameworksBuildPhase section */

/* Begin PBXGroup section */
		73B617AD272ED93D00923115 = {
			isa = PBXGroup;
			children = (
				73B617B8272ED93D00923115 /* WindowManager */,
				73B617CA272ED93E00923115 /* WindowManagerTests */,
				73B617D4272ED93E00923115 /* WindowManagerUITests */,
				73B617B7272ED93D00923115 /* Products */,
			);
			sourceTree = "<group>";
		};
		73B617B7272ED93D00923115 /* Products */ = {
			isa = PBXGroup;
			children = (
				73B617B6272ED93D00923115 /* WindowManager.app */,
				73B617C7272ED93E00923115 /* WindowManagerTests.xctest */,
				73B617D1272ED93E00923115 /* WindowManagerUITests.xctest */,
			);
			name = Products;
			sourceTree = "<group>";
		};
		73B617B8272ED93D00923115 /* WindowManager */ = {
			isa = PBXGroup;
			children = (
				73B617B9272ED93D00923115 /* WindowManagerApp.swift */,
				73B617BB272ED93D00923115 /* ContentView.swift */,
				73B617E4272ED99E00923115 /* BarView.swift */,
				73B617BD272ED93E00923115 /* Assets.xcassets */,
				73B617C2272ED93E00923115 /* WindowManager.entitlements */,
				73B617BF272ED93E00923115 /* Preview Content */,
			);
			path = WindowManager;
			sourceTree = "<group>";
		};
		73B617BF272ED93E00923115 /* Preview Content */ = {
			isa = PBXGroup;
			children = (
				73B617C0272ED93E00923115 /* Preview Assets.xcassets */,
			);
			path = "Preview Content";
			sourceTree = "<group>";
		};
		73B617CA272ED93E00923115 /* WindowManagerTests */ = {
			isa = PBXGroup;
			children = (
				73B617CB272ED93E00923115 /* WindowManagerTests.swift */,
			);
			path = WindowManagerTests;
			sourceTree = "<group>";
		};
		73B617D4272ED93E00923115 /* WindowManagerUITests */ = {
			isa = PBXGroup;
			children = (
				73B617D5272ED93E00923115 /* WindowManagerUITests.swift */,
				73B617D7272ED93E00923115 /* WindowManagerUITestsLaunchTests.swift */,
			);
			path = WindowManagerUITests;
			sourceTree = "<group>";
		};
/* End PBXGroup section */

/* Begin PBXNativeTarget section */
		73B617B5272ED93D00923115 /* WindowManager */ = {
			isa = PBXNativeTarget;
			buildConfigurationList = 73B617DB272ED93E00923115 /* Build configuration list for PBXNativeTarget "WindowManager" */;
			buildPhases = (
				73B617B2272ED93D00923115 /* Sources */,
				73B617B3272ED93D00923115 /* Frameworks */,
				73B617B4272ED93D00923115 /* Resources */,
			);
			buildRules = (
			);
			dependencies = (
			);
			name = WindowManager;
			productName = WindowManager;
			productReference = 73B617B6272ED93D00923115 /* WindowManager.app */;
			productType = "com.apple.product-type.application";
		};
		73B617C6272ED93E00923115 /* WindowManagerTests */ = {
			isa = PBXNativeTarget;
			buildConfigurationList = 73B617DE272ED93E00923115 /* Build configuration list for PBXNativeTarget "WindowManagerTests" */;
			buildPhases = (
				73B617C3272ED93E00923115 /* Sources */,
				73B617C4272ED93E00923115 /* Frameworks */,
				73B617C5272ED93E00923115 /* Resources */,
			);
			buildRules = (
			);
			dependencies = (
				73B617C9272ED93E00923115 /* PBXTargetDependency */,
			);
			name = WindowManagerTests;
			productName = WindowManagerTests;
			productReference = 73B617C7272ED93E00923115 /* WindowManagerTests.xctest */;
			productType = "com.apple.product-type.bundle.unit-test";
		};
		73B617D0272ED93E00923115 /* WindowManagerUITests */ = {
			isa = PBXNativeTarget;
			buildConfigurationList = 73B617E1272ED93E00923115 /* Build configuration list for PBXNativeTarget "WindowManagerUITests" */;
			buildPhases = (
				73B617CD272ED93E00923115 /* Sources */,
				73B617CE272ED93E00923115 /* Frameworks */,
				73B617CF272ED93E00923115 /* Resources */,
			);
			buildRules = (
			);
			dependencies = (
				73B617D3272ED93E00923115 /* PBXTargetDependency */,
			);
			name = WindowManagerUITests;
			productName = WindowManagerUITests;
			productReference = 73B617D1272ED93E00923115 /* WindowManagerUITests.xctest */;
			productType = "com.apple.product-type.bundle.ui-testing";
		};
/* End PBXNativeTarget section */

/* Begin PBXProject section */
		73B617AE272ED93D00923115 /* Project object */ = {
			isa = PBXProject;
			attributes = {
				BuildIndependentTargetsInParallel = 1;
				LastSwiftUpdateCheck = 1310;
				LastUpgradeCheck = 1310;
				TargetAttributes = {
					73B617B5272ED93D00923115 = {
						CreatedOnToolsVersion = 13.1;
					};
					73B617C6272ED93E00923115 = {
						CreatedOnToolsVersion = 13.1;
						TestTargetID = 73B617B5272ED93D00923115;
					};
					73B617D0272ED93E00923115 = {
						CreatedOnToolsVersion = 13.1;
						TestTargetID = 73B617B5272ED93D00923115;
					};
				};
			};
			buildConfigurationList = 73B617B1272ED93D00923115 /* Build configuration list for PBXProject "WindowManager" */;
			compatibilityVersion = "Xcode 13.0";
			developmentRegion = en;
			hasScannedForEncodings = 0;
			knownRegions = (
				en,
				Base,
			);
			mainGroup = 73B617AD272ED93D00923115;
			productRefGroup = 73B617B7272ED93D00923115 /* Products */;
			projectDirPath = "";
			projectRoot = "";
			targets = (
				73B617B5272ED93D00923115 /* WindowManager */,
				73B617C6272ED93E00923115 /* WindowManagerTests */,
				73B617D0272ED93E00923115 /* WindowManagerUITests */,
			);
		};
/* End PBXProject section */

/* Begin PBXResourcesBuildPhase section */
		73B617B4272ED93D00923115 /* Resources */ = {
			isa = PBXResourcesBuildPhase;
			buildActionMask = 2147483647;
			files = (
				73B617C1272ED93E00923115 /* Preview Assets.xcassets in Resources */,
				73B617BE272ED93E00923115 /* Assets.xcassets in Resources */,
			);
			runOnlyForDeploymentPostprocessing = 0;
		};
		73B617C5272ED93E00923115 /* Resources */ = {
			isa = PBXResourcesBuildPhase;
			buildActionMask = 2147483647;
			files = (
			);
			runOnlyForDeploymentPostprocessing = 0;
		};
		73B617CF272ED93E00923115 /* Resources */ = {
			isa = PBXResourcesBuildPhase;
			buildActionMask = 2147483647;
			files = (
			);
			runOnlyForDeploymentPostprocessing = 0;
		};
/* End PBXResourcesBuildPhase section */

/* Begin PBXSourcesBuildPhase section */
		73B617B2272ED93D00923115 /* Sources */ = {
			isa = PBXSourcesBuildPhase;
			buildActionMask = 2147483647;
			files = (
				73B617E5272ED99E00923115 /* BarView.swift in Sources */,
				73B617BC272ED93D00923115 /* ContentView.swift in Sources */,
				73B617BA272ED93D00923115 /* WindowManagerApp.swift in Sources */,
			);
			runOnlyForDeploymentPostprocessing = 0;
		};
		73B617C3272ED93E00923115 /* Sources */ = {
			isa = PBXSourcesBuildPhase;
			buildActionMask = 2147483647;
			files = (
				73B617CC272ED93E00923115 /* WindowManagerTests.swift in Sources */,
			);
			runOnlyForDeploymentPostprocessing = 0;
		};
		73B617CD272ED93E00923115 /* Sources */ = {
			isa = PBXSourcesBuildPhase;
			buildActionMask = 2147483647;
			files = (
				73B617D8272ED93E00923115 /* WindowManagerUITestsLaunchTests.swift in Sources */,
				73B617D6272ED93E00923115 /* WindowManagerUITests.swift in Sources */,
			);
			runOnlyForDeploymentPostprocessing = 0;
		};
/* End PBXSourcesBuildPhase section */

/* Begin PBXTargetDependency section */
		73B617C9272ED93E00923115 /* PBXTargetDependency */ = {
			isa = PBXTargetDependency;
			target = 73B617B5272ED93D00923115 /* WindowManager */;
			targetProxy = 73B617C8272ED93E00923115 /* PBXContainerItemProxy */;
		};
		73B617D3272ED93E00923115 /* PBXTargetDependency */ = {
			isa = PBXTargetDependency;
			target = 73B617B5272ED93D00923115 /* WindowManager */;
			targetProxy = 73B617D2272ED93E00923115 /* PBXContainerItemProxy */;
		};
/* End PBXTargetDependency section */

/* Begin XCBuildConfiguration section */
		73B617D9272ED93E00923115 /* Debug */ = {
			isa = XCBuildConfiguration;
			buildSettings = {
				ALWAYS_SEARCH_USER_PATHS = NO;
				CLANG_ANALYZER_NONNULL = YES;
				CLANG_ANALYZER_NUMBER_OBJECT_CONVERSION = YES_AGGRESSIVE;
				CLANG_CXX_LANGUAGE_STANDARD = "gnu++17";
				CLANG_CXX_LIBRARY = "libc++";
				CLANG_ENABLE_MODULES = YES;
				CLANG_ENABLE_OBJC_ARC = YES;
				CLANG_ENABLE_OBJC_WEAK = YES;
				CLANG_WARN_BLOCK_CAPTURE_AUTORELEASING = YES;
				CLANG_WARN_BOOL_CONVERSION = YES;
				CLANG_WARN_COMMA = YES;
				CLANG_WARN_CONSTANT_CONVERSION = YES;
				CLANG_WARN_DEPRECATED_OBJC_IMPLEMENTATIONS = YES;
				CLANG_WARN_DIRECT_OBJC_ISA_USAGE = YES_ERROR;
				CLANG_WARN_DOCUMENTATION_COMMENTS = YES;
				CLANG_WARN_EMPTY_BODY = YES;
				CLANG_WARN_ENUM_CONVERSION = YES;
				CLANG_WARN_INFINITE_RECURSION = YES;
				CLANG_WARN_INT_CONVERSION = YES;
				CLANG_WARN_NON_LITERAL_NULL_CONVERSION = YES;
				CLANG_WARN_OBJC_IMPLICIT_RETAIN_SELF = YES;
				CLANG_WARN_OBJC_LITERAL_CONVERSION = YES;
				CLANG_WARN_OBJC_ROOT_CLASS = YES_ERROR;
				CLANG_WARN_QUOTED_INCLUDE_IN_FRAMEWORK_HEADER = YES;
				CLANG_WARN_RANGE_LOOP_ANALYSIS = YES;
				CLANG_WARN_STRICT_PROTOTYPES = YES;
				CLANG_WARN_SUSPICIOUS_MOVE = YES;
				CLANG_WARN_UNGUARDED_AVAILABILITY = YES_AGGRESSIVE;
				CLANG_WARN_UNREACHABLE_CODE = YES;
				CLANG_WARN__DUPLICATE_METHOD_MATCH = YES;
				COPY_PHASE_STRIP = NO;
				DEBUG_INFORMATION_FORMAT = dwarf;
				ENABLE_STRICT_OBJC_MSGSEND = YES;
				ENABLE_TESTABILITY = YES;
				GCC_C_LANGUAGE_STANDARD = gnu11;
				GCC_DYNAMIC_NO_PIC = NO;
				GCC_NO_COMMON_BLOCKS = YES;
				GCC_OPTIMIZATION_LEVEL = 0;
				GCC_PREPROCESSOR_DEFINITIONS = (
					"DEBUG=1",
					"$(inherited)",
				);
				GCC_WARN_64_TO_32_BIT_CONVERSION = YES;
				GCC_WARN_ABOUT_RETURN_TYPE = YES_ERROR;
				GCC_WARN_UNDECLARED_SELECTOR = YES;
				GCC_WARN_UNINITIALIZED_AUTOS = YES_AGGRESSIVE;
				GCC_WARN_UNUSED_FUNCTION = YES;
				GCC_WARN_UNUSED_VARIABLE = YES;
				MACOSX_DEPLOYMENT_TARGET = 12.0;
				MTL_ENABLE_DEBUG_INFO = INCLUDE_SOURCE;
				MTL_FAST_MATH = YES;
				ONLY_ACTIVE_ARCH = YES;
				SDKROOT = macosx;
				SWIFT_ACTIVE_COMPILATION_CONDITIONS = DEBUG;
				SWIFT_OPTIMIZATION_LEVEL = "-Onone";
			};
			name = Debug;
		};
		73B617DA272ED93E00923115 /* Release */ = {
			isa = XCBuildConfiguration;
			buildSettings = {
				ALWAYS_SEARCH_USER_PATHS = NO;
				CLANG_ANALYZER_NONNULL = YES;
				CLANG_ANALYZER_NUMBER_OBJECT_CONVERSION = YES_AGGRESSIVE;
				CLANG_CXX_LANGUAGE_STANDARD = "gnu++17";
				CLANG_CXX_LIBRARY = "libc++";
				CLANG_ENABLE_MODULES = YES;
				CLANG_ENABLE_OBJC_ARC = YES;
				CLANG_ENABLE_OBJC_WEAK = YES;
				CLANG_WARN_BLOCK_CAPTURE_AUTORELEASING = YES;
				CLANG_WARN_BOOL_CONVERSION = YES;
				CLANG_WARN_COMMA = YES;
				CLANG_WARN_CONSTANT_CONVERSION = YES;
				CLANG_WARN_DEPRECATED_OBJC_IMPLEMENTATIONS = YES;
				CLANG_WARN_DIRECT_OBJC_ISA_USAGE = YES_ERROR;
				CLANG_WARN_DOCUMENTATION_COMMENTS = YES;
				CLANG_WARN_EMPTY_BODY = YES;
				CLANG_WARN_ENUM_CONVERSION = YES;
				CLANG_WARN_INFINITE_RECURSION = YES;
				CLANG_WARN_INT_CONVERSION = YES;
				CLANG_WARN_NON_LITERAL_NULL_CONVERSION = YES;
				CLANG_WARN_OBJC_IMPLICIT_RETAIN_SELF = YES;
				CLANG_WARN_OBJC_LITERAL_CONVERSION = YES;
				CLANG_WARN_OBJC_ROOT_CLASS = YES_ERROR;
				CLANG_WARN_QUOTED_INCLUDE_IN_FRAMEWORK_HEADER = YES;
				CLANG_WARN_RANGE_LOOP_ANALYSIS = YES;
				CLANG_WARN_STRICT_PROTOTYPES = YES;
				CLANG_WARN_SUSPICIOUS_MOVE = YES;
				CLANG_WARN_UNGUARDED_AVAILABILITY = YES_AGGRESSIVE;
				CLANG_WARN_UNREACHABLE_CODE = YES;
				CLANG_WARN__DUPLICATE_METHOD_MATCH = YES;
				COPY_PHASE_STRIP = NO;
				DEBUG_INFORMATION_FORMAT = "dwarf-with-dsym";
				ENABLE_NS_ASSERTIONS = NO;
				ENABLE_STRICT_OBJC_MSGSEND = YES;
				GCC_C_LANGUAGE_STANDARD = gnu11;
				GCC_NO_COMMON_BLOCKS = YES;
				GCC_WARN_64_TO_32_BIT_CONVERSION = YES;
				GCC_WARN_ABOUT_RETURN_TYPE = YES_ERROR;
				GCC_WARN_UNDECLARED_SELECTOR = YES;
				GCC_WARN_UNINITIALIZED_AUTOS = YES_AGGRESSIVE;
				GCC_WARN_UNUSED_FUNCTION = YES;
				GCC_WARN_UNUSED_VARIABLE = YES;
				MACOSX_DEPLOYMENT_TARGET = 12.0;
				MTL_ENABLE_DEBUG_INFO = NO;
				MTL_FAST_MATH = YES;
				SDKROOT = macosx;
				SWIFT_COMPILATION_MODE = wholemodule;
				SWIFT_OPTIMIZATION_LEVEL = "-O";
			};
			name = Release;
		};
		73B617DC272ED93E00923115 /* Debug */ = {
			isa = XCBuildConfiguration;
			buildSettings = {
				ASSETCATALOG_COMPILER_APPICON_NAME = AppIcon;
				ASSETCATALOG_COMPILER_GLOBAL_ACCENT_COLOR_NAME = AccentColor;
				CODE_SIGN_ENTITLEMENTS = WindowManager/WindowManager.entitlements;
				CODE_SIGN_STYLE = Automatic;
				COMBINE_HIDPI_IMAGES = YES;
				CURRENT_PROJECT_VERSION = 1;
				DEVELOPMENT_ASSET_PATHS = "\"WindowManager/Preview Content\"";
				DEVELOPMENT_TEAM = JCZUGT2ZFZ;
				ENABLE_HARDENED_RUNTIME = YES;
				ENABLE_PREVIEWS = YES;
				GENERATE_INFOPLIST_FILE = YES;
				INFOPLIST_KEY_NSHumanReadableCopyright = "";
				LD_RUNPATH_SEARCH_PATHS = (
					"$(inherited)",
					"@executable_path/../Frameworks",
				);
				MARKETING_VERSION = 1.0;
				PRODUCT_BUNDLE_IDENTIFIER = ruman.i.WindowManager;
				PRODUCT_NAME = "$(TARGET_NAME)";
				SWIFT_EMIT_LOC_STRINGS = YES;
				SWIFT_VERSION = 5.0;
			};
			name = Debug;
		};
		73B617DD272ED93E00923115 /* Release */ = {
			isa = XCBuildConfiguration;
			buildSettings = {
				ASSETCATALOG_COMPILER_APPICON_NAME = AppIcon;
				ASSETCATALOG_COMPILER_GLOBAL_ACCENT_COLOR_NAME = AccentColor;
				CODE_SIGN_ENTITLEMENTS = WindowManager/WindowManager.entitlements;
				CODE_SIGN_STYLE = Automatic;
				COMBINE_HIDPI_IMAGES = YES;
				CURRENT_PROJECT_VERSION = 1;
				DEVELOPMENT_ASSET_PATHS = "\"WindowManager/Preview Content\"";
				DEVELOPMENT_TEAM = JCZUGT2ZFZ;
				ENABLE_HARDENED_RUNTIME = YES;
				ENABLE_PREVIEWS = YES;
				GENERATE_INFOPLIST_FILE = YES;
				INFOPLIST_KEY_NSHumanReadableCopyright = "";
				LD_RUNPATH_SEARCH_PATHS = (
					"$(inherited)",
					"@executable_path/../Frameworks",
				);
				MARKETING_VERSION = 1.0;
				PRODUCT_BUNDLE_IDENTIFIER = ruman.i.WindowManager;
				PRODUCT_NAME = "$(TARGET_NAME)";
				SWIFT_EMIT_LOC_STRINGS = YES;
				SWIFT_VERSION = 5.0;
			};
			name = Release;
		};
		73B617DF272ED93E00923115 /* Debug */ = {
			isa = XCBuildConfiguration;
			buildSettings = {
				ALWAYS_EMBED_SWIFT_STANDARD_LIBRARIES = YES;
				BUNDLE_LOADER = "$(TEST_HOST)";
				CODE_SIGN_STYLE = Automatic;
				COMBINE_HIDPI_IMAGES = YES;
				CURRENT_PROJECT_VERSION = 1;
				DEVELOPMENT_TEAM = JCZUGT2ZFZ;
				GENERATE_INFOPLIST_FILE = YES;
				LD_RUNPATH_SEARCH_PATHS = (
					"$(inherited)",
					"@executable_path/../Frameworks",
					"@loader_path/../Frameworks",
				);
				MACOSX_DEPLOYMENT_TARGET = 12.0;
				MARKETING_VERSION = 1.0;
				PRODUCT_BUNDLE_IDENTIFIER = ruman.i.WindowManagerTests;
				PRODUCT_NAME = "$(TARGET_NAME)";
				SWIFT_EMIT_LOC_STRINGS = NO;
				SWIFT_VERSION = 5.0;
				TEST_HOST = "$(BUILT_PRODUCTS_DIR)/WindowManager.app/Contents/MacOS/WindowManager";
			};
			name = Debug;
		};
		73B617E0272ED93E00923115 /* Release */ = {
			isa = XCBuildConfiguration;
			buildSettings = {
				ALWAYS_EMBED_SWIFT_STANDARD_LIBRARIES = YES;
				BUNDLE_LOADER = "$(TEST_HOST)";
				CODE_SIGN_STYLE = Automatic;
				COMBINE_HIDPI_IMAGES = YES;
				CURRENT_PROJECT_VERSION = 1;
				DEVELOPMENT_TEAM = JCZUGT2ZFZ;
				GENERATE_INFOPLIST_FILE = YES;
				LD_RUNPATH_SEARCH_PATHS = (
					"$(inherited)",
					"@executable_path/../Frameworks",
					"@loader_path/../Frameworks",
				);
				MACOSX_DEPLOYMENT_TARGET = 12.0;
				MARKETING_VERSION = 1.0;
				PRODUCT_BUNDLE_IDENTIFIER = ruman.i.WindowManagerTests;
				PRODUCT_NAME = "$(TARGET_NAME)";
				SWIFT_EMIT_LOC_STRINGS = NO;
				SWIFT_VERSION = 5.0;
				TEST_HOST = "$(BUILT_PRODUCTS_DIR)/WindowManager.app/Contents/MacOS/WindowManager";
			};
			name = Release;
		};
		73B617E2272ED93E00923115 /* Debug */ = {
			isa = XCBuildConfiguration;
			buildSettings = {
				ALWAYS_EMBED_SWIFT_STANDARD_LIBRARIES = YES;
				CODE_SIGN_STYLE = Automatic;
				COMBINE_HIDPI_IMAGES = YES;
				CURRENT_PROJECT_VERSION = 1;
				DEVELOPMENT_TEAM = JCZUGT2ZFZ;
				GENERATE_INFOPLIST_FILE = YES;
				LD_RUNPATH_SEARCH_PATHS = (
					"$(inherited)",
					"@executable_path/../Frameworks",
					"@loader_path/../Frameworks",
				);
				MARKETING_VERSION = 1.0;
				PRODUCT_BUNDLE_IDENTIFIER = ruman.i.WindowManagerUITests;
				PRODUCT_NAME = "$(TARGET_NAME)";
				SWIFT_EMIT_LOC_STRINGS = NO;
				SWIFT_VERSION = 5.0;
				TEST_TARGET_NAME = WindowManager;
			};
			name = Debug;
		};
		73B617E3272ED93E00923115 /* Release */ = {
			isa = XCBuildConfiguration;
			buildSettings = {
				ALWAYS_EMBED_SWIFT_STANDARD_LIBRARIES = YES;
				CODE_SIGN_STYLE = Automatic;
				COMBINE_HIDPI_IMAGES = YES;
				CURRENT_PROJECT_VERSION = 1;
				DEVELOPMENT_TEAM = JCZUGT2ZFZ;
				GENERATE_INFOPLIST_FILE = YES;
				LD_RUNPATH_SEARCH_PATHS = (
					"$(inherited)",
					"@executable_path/../Frameworks",
					"@loader_path/../Frameworks",
				);
				MARKETING_VERSION = 1.0;
				PRODUCT_BUNDLE_IDENTIFIER = ruman.i.WindowManagerUITests;
				PRODUCT_NAME = "$(TARGET_NAME)";
				SWIFT_EMIT_LOC_STRINGS = NO;
				SWIFT_VERSION = 5.0;
				TEST_TARGET_NAME = WindowManager;
			};
			name = Release;
		};
/* End XCBuildConfiguration section */

/* Begin XCConfigurationList section */
		73B617B1272ED93D00923115 /* Build configuration list for PBXProject "WindowManager" */ = {
			isa = XCConfigurationList;
			buildConfigurations = (
				73B617D9272ED93E00923115 /* Debug */,
				73B617DA272ED93E00923115 /* Release */,
			);
			defaultConfigurationIsVisible = 0;
			defaultConfigurationName = Release;
		};
		73B617DB272ED93E00923115 /* Build configuration list for PBXNativeTarget "WindowManager" */ = {
			isa = XCConfigurationList;
			buildConfigurations = (
				73B617DC272ED93E00923115 /* Debug */,
				73B617DD272ED93E00923115 /* Release */,
			);
			defaultConfigurationIsVisible = 0;
			defaultConfigurationName = Release;
		};
		73B617DE272ED93E00923115 /* Build configuration list for PBXNativeTarget "WindowManagerTests" */ = {
			isa = XCConfigurationList;
			buildConfigurations = (
				73B617DF272ED93E00923115 /* Debug */,
				73B617E0272ED93E00923115 /* Release */,
			);
			defaultConfigurationIsVisible = 0;
			defaultConfigurationName = Release;
		};
		73B617E1272ED93E00923115 /* Build configuration list for PBXNativeTarget "WindowManagerUITests" */ = {
			isa = XCConfigurationList;
			buildConfigurations = (
				73B617E2272ED93E00923115 /* Debug */,
				73B617E3272ED93E00923115 /* Release */,
			);
			defaultConfigurationIsVisible = 0;
			defaultConfigurationName = Release;
		};
/* End XCConfigurationList section */
	};
	rootObject = 73B617AE272ED93D00923115 /* Project object */;
}
